
Microsoft Visual Studio Solution File, Format Version 12.00
# Visual Studio 15
VisualStudioVersion = 15.0.28307.329
MinimumVisualStudioVersion = 10.0.40219.1
Project("{FAE04EC0-301F-11D3-BF4B-00C04F79EFBC}") = "WindowsFormsApp1", "WindowsFormsApp1\WindowsFormsApp1.csproj", "{C5A9EE07-1F27-47C6-BD6D-3470DA0AFC44}"
EndProject
Global
	GlobalSection(SolutionConfigurationPlatforms) = preSolution
		Debug|Any CPU = Debug|Any CPU
		Release|Any CPU = Release|Any CPU
	EndGlobalSection
	GlobalSection(ProjectConfigurationPlatforms) = postSolution
		{C5A9EE07-1F27-47C6-BD6D-3470DA0AFC44}.Debug|Any CPU.ActiveCfg = Debug|Any CPU
		{C5A9EE07-1F27-47C6-BD6D-3470DA0AFC44}.Debug|Any CPU.Build.0 = Debug|Any CPU
		{C5A9EE07-1F27-47C6-BD6D-3470DA0AFC44}.Release|Any CPU.ActiveCfg = Release|Any CPU
		{C5A9EE07-1F27-47C6-BD6D-3470DA0AFC44}.Release|Any CPU.Build.0 = Release|Any CPU
	EndGlobalSection
	GlobalSection(SolutionProperties) = preSolution
		HideSolutionNode = FALSE
	EndGlobalSection
	GlobalSection(ExtensibilityGlobals) = postSolution
		SolutionGuid = {D04AECE4-16F8-488C-B4FA-98D5B30AFCE7}
	EndGlobalSection
EndGlobal
